
Microsoft Visual Studio Solution File, Format Version 11.00
# Visual C# Express 2010
Project("{FAE04EC0-301F-11D3-BF4B-00C04F79EFBC}") = "MJLGameEngine", "MJLGameEngine\MJLGameEngine.csproj", "{60A39A91-893B-4D9B-8552-E463F833B0AD}"
EndProject
Project("{FAE04EC0-301F-11D3-BF4B-00C04F79EFBC}") = "SceneTest", "SceneTest\SceneTest\SceneTest.csproj", "{BB3BEDBD-46BE-4FBE-9740-E9A7132E16A9}"
EndProject
Project("{FAE04EC0-301F-11D3-BF4B-00C04F79EFBC}") = "SceneTestContent", "SceneTest\SceneTestContent\SceneTestContent.contentproj", "{F682A48E-A8E5-436C-BEA4-88E5609B06C5}"
EndProject
Project("{FAE04EC0-301F-11D3-BF4B-00C04F79EFBC}") = "MJLGameEngineContent", "MJLGameEngineContent\MJLGameEngineContent.contentproj", "{D5D568D7-55F0-4709-BAE5-7B628DE64448}"
EndProject
Project("{FAE04EC0-301F-11D3-BF4B-00C04F79EFBC}") = "Jitter", "..\Jitter Physics 0.1.7.0\Jitter Physics 0.1.7.0\Jitter\Jitter.csproj", "{AA03EF1A-94F7-4D30-AB14-2092863FF923}"
EndProject
Project("{FAE04EC0-301F-11D3-BF4B-00C04F79EFBC}") = "MapEditor", "MapEditor\MapEditor.csproj", "{3CA43227-2DFD-4469-9D6F-8A5C4D44A70B}"
EndProject
Global
	GlobalSection(SolutionConfigurationPlatforms) = preSolution
		Debug|Any CPU = Debug|Any CPU
		Debug|Mixed Platforms = Debug|Mixed Platforms
		Debug|x86 = Debug|x86
		Debug|Xbox 360 = Debug|Xbox 360
		Release|Any CPU = Release|Any CPU
		Release|Mixed Platforms = Release|Mixed Platforms
		Release|x86 = Release|x86
		Release|Xbox 360 = Release|Xbox 360
	EndGlobalSection
	GlobalSection(ProjectConfigurationPlatforms) = postSolution
		{60A39A91-893B-4D9B-8552-E463F833B0AD}.Debug|Any CPU.ActiveCfg = Debug|x86
		{60A39A91-893B-4D9B-8552-E463F833B0AD}.Debug|Mixed Platforms.ActiveCfg = Debug|x86
		{60A39A91-893B-4D9B-8552-E463F833B0AD}.Debug|Mixed Platforms.Build.0 = Debug|x86
		{60A39A91-893B-4D9B-8552-E463F833B0AD}.Debug|x86.ActiveCfg = Debug|x86
		{60A39A91-893B-4D9B-8552-E463F833B0AD}.Debug|x86.Build.0 = Debug|x86
		{60A39A91-893B-4D9B-8552-E463F833B0AD}.Debug|Xbox 360.ActiveCfg = Debug|x86
		{60A39A91-893B-4D9B-8552-E463F833B0AD}.Release|Any CPU.ActiveCfg = Release|x86
		{60A39A91-893B-4D9B-8552-E463F833B0AD}.Release|Mixed Platforms.ActiveCfg = Release|x86
		{60A39A91-893B-4D9B-8552-E463F833B0AD}.Release|Mixed Platforms.Build.0 = Release|x86
		{60A39A91-893B-4D9B-8552-E463F833B0AD}.Release|x86.ActiveCfg = Release|x86
		{60A39A91-893B-4D9B-8552-E463F833B0AD}.Release|x86.Build.0 = Release|x86
		{60A39A91-893B-4D9B-8552-E463F833B0AD}.Release|Xbox 360.ActiveCfg = Release|x86
		{BB3BEDBD-46BE-4FBE-9740-E9A7132E16A9}.Debug|Any CPU.ActiveCfg = Debug|x86
		{BB3BEDBD-46BE-4FBE-9740-E9A7132E16A9}.Debug|Mixed Platforms.ActiveCfg = Debug|x86
		{BB3BEDBD-46BE-4FBE-9740-E9A7132E16A9}.Debug|Mixed Platforms.Build.0 = Debug|x86
		{BB3BEDBD-46BE-4FBE-9740-E9A7132E16A9}.Debug|x86.ActiveCfg = Debug|x86
		{BB3BEDBD-46BE-4FBE-9740-E9A7132E16A9}.Debug|x86.Build.0 = Debug|x86
		{BB3BEDBD-46BE-4FBE-9740-E9A7132E16A9}.Debug|Xbox 360.ActiveCfg = Debug|x86
		{BB3BEDBD-46BE-4FBE-9740-E9A7132E16A9}.Release|Any CPU.ActiveCfg = Release|x86
		{BB3BEDBD-46BE-4FBE-9740-E9A7132E16A9}.Release|Mixed Platforms.ActiveCfg = Release|x86
		{BB3BEDBD-46BE-4FBE-9740-E9A7132E16A9}.Release|Mixed Platforms.Build.0 = Release|x86
		{BB3BEDBD-46BE-4FBE-9740-E9A7132E16A9}.Release|x86.ActiveCfg = Release|x86
		{BB3BEDBD-46BE-4FBE-9740-E9A7132E16A9}.Release|x86.Build.0 = Release|x86
		{BB3BEDBD-46BE-4FBE-9740-E9A7132E16A9}.Release|Xbox 360.ActiveCfg = Release|x86
		{F682A48E-A8E5-436C-BEA4-88E5609B06C5}.Debug|Any CPU.ActiveCfg = Debug|x86
		{F682A48E-A8E5-436C-BEA4-88E5609B06C5}.Debug|Mixed Platforms.ActiveCfg = Debug|x86
		{F682A48E-A8E5-436C-BEA4-88E5609B06C5}.Debug|x86.ActiveCfg = Debug|x86
		{F682A48E-A8E5-436C-BEA4-88E5609B06C5}.Debug|Xbox 360.ActiveCfg = Debug|x86
		{F682A48E-A8E5-436C-BEA4-88E5609B06C5}.Release|Any CPU.ActiveCfg = Release|x86
		{F682A48E-A8E5-436C-BEA4-88E5609B06C5}.Release|Mixed Platforms.ActiveCfg = Release|x86
		{F682A48E-A8E5-436C-BEA4-88E5609B06C5}.Release|x86.ActiveCfg = Release|x86
		{F682A48E-A8E5-436C-BEA4-88E5609B06C5}.Release|Xbox 360.ActiveCfg = Release|x86
		{D5D568D7-55F0-4709-BAE5-7B628DE64448}.Debug|Any CPU.ActiveCfg = Debug|Any CPU
		{D5D568D7-55F0-4709-BAE5-7B628DE64448}.Debug|Mixed Platforms.ActiveCfg = Debug|Any CPU
		{D5D568D7-55F0-4709-BAE5-7B628DE64448}.Debug|x86.ActiveCfg = Debug|Any CPU
		{D5D568D7-55F0-4709-BAE5-7B628DE64448}.Debug|Xbox 360.ActiveCfg = Debug|Any CPU
		{D5D568D7-55F0-4709-BAE5-7B628DE64448}.Release|Any CPU.ActiveCfg = Debug|Any CPU
		{D5D568D7-55F0-4709-BAE5-7B628DE64448}.Release|Mixed Platforms.ActiveCfg = Debug|Any CPU
		{D5D568D7-55F0-4709-BAE5-7B628DE64448}.Release|x86.ActiveCfg = Debug|Any CPU
		{D5D568D7-55F0-4709-BAE5-7B628DE64448}.Release|Xbox 360.ActiveCfg = Debug|Any CPU
		{AA03EF1A-94F7-4D30-AB14-2092863FF923}.Debug|Any CPU.ActiveCfg = Debug|Any CPU
		{AA03EF1A-94F7-4D30-AB14-2092863FF923}.Debug|Any CPU.Build.0 = Debug|Any CPU
		{AA03EF1A-94F7-4D30-AB14-2092863FF923}.Debug|Mixed Platforms.ActiveCfg = Debug|Any CPU
		{AA03EF1A-94F7-4D30-AB14-2092863FF923}.Debug|Mixed Platforms.Build.0 = Debug|Any CPU
		{AA03EF1A-94F7-4D30-AB14-2092863FF923}.Debug|x86.ActiveCfg = Debug|Any CPU
		{AA03EF1A-94F7-4D30-AB14-2092863FF923}.Debug|Xbox 360.ActiveCfg = Debug|Any CPU
		{AA03EF1A-94F7-4D30-AB14-2092863FF923}.Release|Any CPU.ActiveCfg = Release|Any CPU
		{AA03EF1A-94F7-4D30-AB14-2092863FF923}.Release|Any CPU.Build.0 = Release|Any CPU
		{AA03EF1A-94F7-4D30-AB14-2092863FF923}.Release|Mixed Platforms.ActiveCfg = Release|Any CPU
		{AA03EF1A-94F7-4D30-AB14-2092863FF923}.Release|Mixed Platforms.Build.0 = Release|Any CPU
		{AA03EF1A-94F7-4D30-AB14-2092863FF923}.Release|x86.ActiveCfg = Release|Any CPU
		{AA03EF1A-94F7-4D30-AB14-2092863FF923}.Release|Xbox 360.ActiveCfg = Release|Any CPU
		{3CA43227-2DFD-4469-9D6F-8A5C4D44A70B}.Debug|Any CPU.ActiveCfg = Debug|x86
		{3CA43227-2DFD-4469-9D6F-8A5C4D44A70B}.Debug|Mixed Platforms.ActiveCfg = Debug|x86
		{3CA43227-2DFD-4469-9D6F-8A5C4D44A70B}.Debug|Mixed Platforms.Build.0 = Debug|x86
		{3CA43227-2DFD-4469-9D6F-8A5C4D44A70B}.Debug|x86.ActiveCfg = Debug|x86
		{3CA43227-2DFD-4469-9D6F-8A5C4D44A70B}.Debug|x86.Build.0 = Debug|x86
		{3CA43227-2DFD-4469-9D6F-8A5C4D44A70B}.Debug|Xbox 360.ActiveCfg = Debug|x86
		{3CA43227-2DFD-4469-9D6F-8A5C4D44A70B}.Release|Any CPU.ActiveCfg = Release|x86
		{3CA43227-2DFD-4469-9D6F-8A5C4D44A70B}.Release|Mixed Platforms.ActiveCfg = Release|x86
		{3CA43227-2DFD-4469-9D6F-8A5C4D44A70B}.Release|Mixed Platforms.Build.0 = Release|x86
		{3CA43227-2DFD-4469-9D6F-8A5C4D44A70B}.Release|x86.ActiveCfg = Release|x86
		{3CA43227-2DFD-4469-9D6F-8A5C4D44A70B}.Release|x86.Build.0 = Release|x86
		{3CA43227-2DFD-4469-9D6F-8A5C4D44A70B}.Release|Xbox 360.ActiveCfg = Release|x86
	EndGlobalSection
	GlobalSection(SolutionProperties) = preSolution
		HideSolutionNode = FALSE
	EndGlobalSection
EndGlobal
